version = 1
requires-python = ">=3.13"

[[package]]
name = "cffi"
version = "1.17.1"
source = { registry = "https://pypi.org/simple" }
dependencies = [
    { name = "pycparser" },
]
sdist = { url = "https://files.pythonhosted.org/packages/fc/97/c783634659c2920c3fc70419e3af40972dbaf758daa229a7d6ea6135c90d/cffi-1.17.1.tar.gz", hash = "sha256:1c39c6016c32bc48dd54561950ebd6836e1670f2ae46128f67cf49e789c52824", size = 516621 }
wheels = [
    { url = "https://files.pythonhosted.org/packages/8d/f8/dd6c246b148639254dad4d6803eb6a54e8c85c6e11ec9df2cffa87571dbe/cffi-1.17.1-cp313-cp313-macosx_10_13_x86_64.whl", hash = "sha256:f3a2b4222ce6b60e2e8b337bb9596923045681d71e5a082783484d845390938e", size = 182989 },
    { url = "https://files.pythonhosted.org/packages/8b/f1/672d303ddf17c24fc83afd712316fda78dc6fce1cd53011b839483e1ecc8/cffi-1.17.1-cp313-cp313-macosx_11_0_arm64.whl", hash = "sha256:0984a4925a435b1da406122d4d7968dd861c1385afe3b45ba82b750f229811e2", size = 178802 },
    { url = "https://files.pythonhosted.org/packages/0e/2d/eab2e858a91fdff70533cab61dcff4a1f55ec60425832ddfdc9cd36bc8af/cffi-1.17.1-cp313-cp313-manylinux_2_12_i686.manylinux2010_i686.manylinux_2_17_i686.manylinux2014_i686.whl", hash = "sha256:d01b12eeeb4427d3110de311e1774046ad344f5b1a7403101878976ecd7a10f3", size = 454792 },
    { url = "https://files.pythonhosted.org/packages/75/b2/fbaec7c4455c604e29388d55599b99ebcc250a60050610fadde58932b7ee/cffi-1.17.1-cp313-cp313-manylinux_2_17_aarch64.manylinux2014_aarch64.whl", hash = "sha256:706510fe141c86a69c8ddc029c7910003a17353970cff3b904ff0686a5927683", size = 478893 },
    { url = "https://files.pythonhosted.org/packages/4f/b7/6e4a2162178bf1935c336d4da8a9352cccab4d3a5d7914065490f08c0690/cffi-1.17.1-cp313-cp313-manylinux_2_17_ppc64le.manylinux2014_ppc64le.whl", hash = "sha256:de55b766c7aa2e2a3092c51e0483d700341182f08e67c63630d5b6f200bb28e5", size = 485810 },
    { url = "https://files.pythonhosted.org/packages/c7/8a/1d0e4a9c26e54746dc08c2c6c037889124d4f59dffd853a659fa545f1b40/cffi-1.17.1-cp313-cp313-manylinux_2_17_s390x.manylinux2014_s390x.whl", hash = "sha256:c59d6e989d07460165cc5ad3c61f9fd8f1b4796eacbd81cee78957842b834af4", size = 471200 },
    { url = "https://files.pythonhosted.org/packages/26/9f/1aab65a6c0db35f43c4d1b4f580e8df53914310afc10ae0397d29d697af4/cffi-1.17.1-cp313-cp313-manylinux_2_17_x86_64.manylinux2014_x86_64.whl", hash = "sha256:dd398dbc6773384a17fe0d3e7eeb8d1a21c2200473ee6806bb5e6a8e62bb73dd", size = 479447 },
    { url = "https://files.pythonhosted.org/packages/5f/e4/fb8b3dd8dc0e98edf1135ff067ae070bb32ef9d509d6cb0f538cd6f7483f/cffi-1.17.1-cp313-cp313-musllinux_1_1_aarch64.whl", hash = "sha256:3edc8d958eb099c634dace3c7e16560ae474aa3803a5df240542b305d14e14ed", size = 484358 },
    { url = "https://files.pythonhosted.org/packages/f1/47/d7145bf2dc04684935d57d67dff9d6d795b2ba2796806bb109864be3a151/cffi-1.17.1-cp313-cp313-musllinux_1_1_x86_64.whl", hash = "sha256:72e72408cad3d5419375fc87d289076ee319835bdfa2caad331e377589aebba9", size = 488469 },
    { url = "https://files.pythonhosted.org/packages/bf/ee/f94057fa6426481d663b88637a9a10e859e492c73d0384514a17d78ee205/cffi-1.17.1-cp313-cp313-win32.whl", hash = "sha256:e03eab0a8677fa80d646b5ddece1cbeaf556c313dcfac435ba11f107ba117b5d", size = 172475 },
    { url = "https://files.pythonhosted.org/packages/7c/fc/6a8cb64e5f0324877d503c854da15d76c1e50eb722e320b15345c4d0c6de/cffi-1.17.1-cp313-cp313-win_amd64.whl", hash = "sha256:f6a16c31041f09ead72d69f583767292f750d24913dadacf5756b966aacb3f1a", size = 182009 },
]

[[package]]
name = "cryptography"
version = "44.0.1"
source = { registry = "https://pypi.org/simple" }
dependencies = [
    { name = "cffi", marker = "platform_python_implementation != 'PyPy'" },
]
sdist = { url = "https://files.pythonhosted.org/packages/c7/67/545c79fe50f7af51dbad56d16b23fe33f63ee6a5d956b3cb68ea110cbe64/cryptography-44.0.1.tar.gz", hash = "sha256:f51f5705ab27898afda1aaa430f34ad90dc117421057782022edf0600bec5f14", size = 710819 }
wheels = [
    { url = "https://files.pythonhosted.org/packages/72/27/5e3524053b4c8889da65cf7814a9d0d8514a05194a25e1e34f46852ee6eb/cryptography-44.0.1-cp37-abi3-macosx_10_9_universal2.whl", hash = "sha256:bf688f615c29bfe9dfc44312ca470989279f0e94bb9f631f85e3459af8efc009", size = 6642022 },
    { url = "https://files.pythonhosted.org/packages/34/b9/4d1fa8d73ae6ec350012f89c3abfbff19fc95fe5420cf972e12a8d182986/cryptography-44.0.1-cp37-abi3-manylinux_2_17_aarch64.manylinux2014_aarch64.whl", hash = "sha256:dd7c7e2d71d908dc0f8d2027e1604102140d84b155e658c20e8ad1304317691f", size = 3943865 },
    { url = "https://files.pythonhosted.org/packages/6e/57/371a9f3f3a4500807b5fcd29fec77f418ba27ffc629d88597d0d1049696e/cryptography-44.0.1-cp37-abi3-manylinux_2_17_x86_64.manylinux2014_x86_64.whl", hash = "sha256:887143b9ff6bad2b7570da75a7fe8bbf5f65276365ac259a5d2d5147a73775f2", size = 4162562 },
    { url = "https://files.pythonhosted.org/packages/c5/1d/5b77815e7d9cf1e3166988647f336f87d5634a5ccecec2ffbe08ef8dd481/cryptography-44.0.1-cp37-abi3-manylinux_2_28_aarch64.whl", hash = "sha256:322eb03ecc62784536bc173f1483e76747aafeb69c8728df48537eb431cd1911", size = 3951923 },
    { url = "https://files.pythonhosted.org/packages/28/01/604508cd34a4024467cd4105887cf27da128cba3edd435b54e2395064bfb/cryptography-44.0.1-cp37-abi3-manylinux_2_28_armv7l.manylinux_2_31_armv7l.whl", hash = "sha256:21377472ca4ada2906bc313168c9dc7b1d7ca417b63c1c3011d0c74b7de9ae69", size = 3685194 },
    { url = "https://files.pythonhosted.org/packages/c6/3d/d3c55d4f1d24580a236a6753902ef6d8aafd04da942a1ee9efb9dc8fd0cb/cryptography-44.0.1-cp37-abi3-manylinux_2_28_x86_64.whl", hash = "sha256:df978682c1504fc93b3209de21aeabf2375cb1571d4e61907b3e7a2540e83026", size = 4187790 },
    { url = "https://files.pythonhosted.org/packages/ea/a6/44d63950c8588bfa8594fd234d3d46e93c3841b8e84a066649c566afb972/cryptography-44.0.1-cp37-abi3-manylinux_2_34_aarch64.whl", hash = "sha256:eb3889330f2a4a148abead555399ec9a32b13b7c8ba969b72d8e500eb7ef84cd", size = 3951343 },
    { url = "https://files.pythonhosted.org/packages/c1/17/f5282661b57301204cbf188254c1a0267dbd8b18f76337f0a7ce1038888c/cryptography-44.0.1-cp37-abi3-manylinux_2_34_x86_64.whl", hash = "sha256:8e6a85a93d0642bd774460a86513c5d9d80b5c002ca9693e63f6e540f1815ed0", size = 4187127 },
    { url = "https://files.pythonhosted.org/packages/f3/68/abbae29ed4f9d96596687f3ceea8e233f65c9645fbbec68adb7c756bb85a/cryptography-44.0.1-cp37-abi3-musllinux_1_2_aarch64.whl", hash = "sha256:6f76fdd6fd048576a04c5210d53aa04ca34d2ed63336d4abd306d0cbe298fddf", size = 4070666 },
    { url = "https://files.pythonhosted.org/packages/0f/10/cf91691064a9e0a88ae27e31779200b1505d3aee877dbe1e4e0d73b4f155/cryptography-44.0.1-cp37-abi3-musllinux_1_2_x86_64.whl", hash = "sha256:6c8acf6f3d1f47acb2248ec3ea261171a671f3d9428e34ad0357148d492c7864", size = 4288811 },
    { url = "https://files.pythonhosted.org/packages/38/78/74ea9eb547d13c34e984e07ec8a473eb55b19c1451fe7fc8077c6a4b0548/cryptography-44.0.1-cp37-abi3-win32.whl", hash = "sha256:24979e9f2040c953a94bf3c6782e67795a4c260734e5264dceea65c8f4bae64a", size = 2771882 },
    { url = "https://files.pythonhosted.org/packages/cf/6c/3907271ee485679e15c9f5e93eac6aa318f859b0aed8d369afd636fafa87/cryptography-44.0.1-cp37-abi3-win_amd64.whl", hash = "sha256:fd0ee90072861e276b0ff08bd627abec29e32a53b2be44e41dbcdf87cbee2b00", size = 3206989 },
    { url = "https://files.pythonhosted.org/packages/9f/f1/676e69c56a9be9fd1bffa9bc3492366901f6e1f8f4079428b05f1414e65c/cryptography-44.0.1-cp39-abi3-macosx_10_9_universal2.whl", hash = "sha256:a2d8a7045e1ab9b9f803f0d9531ead85f90c5f2859e653b61497228b18452008", size = 6643714 },
    { url = "https://files.pythonhosted.org/packages/ba/9f/1775600eb69e72d8f9931a104120f2667107a0ee478f6ad4fe4001559345/cryptography-44.0.1-cp39-abi3-manylinux_2_17_aarch64.manylinux2014_aarch64.whl", hash = "sha256:b8272f257cf1cbd3f2e120f14c68bff2b6bdfcc157fafdee84a1b795efd72862", size = 3943269 },
    { url = "https://files.pythonhosted.org/packages/25/ba/e00d5ad6b58183829615be7f11f55a7b6baa5a06910faabdc9961527ba44/cryptography-44.0.1-cp39-abi3-manylinux_2_17_x86_64.manylinux2014_x86_64.whl", hash = "sha256:1e8d181e90a777b63f3f0caa836844a1182f1f265687fac2115fcf245f5fbec3", size = 4166461 },
    { url = "https://files.pythonhosted.org/packages/b3/45/690a02c748d719a95ab08b6e4decb9d81e0ec1bac510358f61624c86e8a3/cryptography-44.0.1-cp39-abi3-manylinux_2_28_aarch64.whl", hash = "sha256:436df4f203482f41aad60ed1813811ac4ab102765ecae7a2bbb1dbb66dcff5a7", size = 3950314 },
    { url = "https://files.pythonhosted.org/packages/e6/50/bf8d090911347f9b75adc20f6f6569ed6ca9b9bff552e6e390f53c2a1233/cryptography-44.0.1-cp39-abi3-manylinux_2_28_armv7l.manylinux_2_31_armv7l.whl", hash = "sha256:4f422e8c6a28cf8b7f883eb790695d6d45b0c385a2583073f3cec434cc705e1a", size = 3686675 },
    { url = "https://files.pythonhosted.org/packages/e1/e7/cfb18011821cc5f9b21efb3f94f3241e3a658d267a3bf3a0f45543858ed8/cryptography-44.0.1-cp39-abi3-manylinux_2_28_x86_64.whl", hash = "sha256:72198e2b5925155497a5a3e8c216c7fb3e64c16ccee11f0e7da272fa93b35c4c", size = 4190429 },
    { url = "https://files.pythonhosted.org/packages/07/ef/77c74d94a8bfc1a8a47b3cafe54af3db537f081742ee7a8a9bd982b62774/cryptography-44.0.1-cp39-abi3-manylinux_2_34_aarch64.whl", hash = "sha256:2a46a89ad3e6176223b632056f321bc7de36b9f9b93b2cc1cccf935a3849dc62", size = 3950039 },
    { url = "https://files.pythonhosted.org/packages/6d/b9/8be0ff57c4592382b77406269b1e15650c9f1a167f9e34941b8515b97159/cryptography-44.0.1-cp39-abi3-manylinux_2_34_x86_64.whl", hash = "sha256:53f23339864b617a3dfc2b0ac8d5c432625c80014c25caac9082314e9de56f41", size = 4189713 },
    { url = "https://files.pythonhosted.org/packages/78/e1/4b6ac5f4100545513b0847a4d276fe3c7ce0eacfa73e3b5ebd31776816ee/cryptography-44.0.1-cp39-abi3-musllinux_1_2_aarch64.whl", hash = "sha256:888fcc3fce0c888785a4876ca55f9f43787f4c5c1cc1e2e0da71ad481ff82c5b", size = 4071193 },
    { url = "https://files.pythonhosted.org/packages/3d/cb/afff48ceaed15531eab70445abe500f07f8f96af2bb35d98af6bfa89ebd4/cryptography-44.0.1-cp39-abi3-musllinux_1_2_x86_64.whl", hash = "sha256:00918d859aa4e57db8299607086f793fa7813ae2ff5a4637e318a25ef82730f7", size = 4289566 },
    { url = "https://files.pythonhosted.org/packages/30/6f/4eca9e2e0f13ae459acd1ca7d9f0257ab86e68f44304847610afcb813dc9/cryptography-44.0.1-cp39-abi3-win32.whl", hash = "sha256:9b336599e2cb77b1008cb2ac264b290803ec5e8e89d618a5e978ff5eb6f715d9", size = 2772371 },
    { url = "https://files.pythonhosted.org/packages/d2/05/5533d30f53f10239616a357f080892026db2d550a40c393d0a8a7af834a9/cryptography-44.0.1-cp39-abi3-win_amd64.whl", hash = "sha256:e403f7f766ded778ecdb790da786b418a9f2394f36e8cc8b796cc056ab05f44f", size = 3207303 },
]

[[package]]
name = "pycparser"
version = "2.22"
source = { registry = "https://pypi.org/simple" }
sdist = { url = "https://files.pythonhosted.org/packages/1d/b2/31537cf4b1ca988837256c910a668b553fceb8f069bedc4b1c826024b52c/pycparser-2.22.tar.gz", hash = "sha256:491c8be9c040f5390f5bf44a5b07752bd07f56edf992381b05c701439eec10f6", size = 172736 }
wheels = [
    { url = "https://files.pythonhosted.org/packages/13/a3/a812df4e2dd5696d1f351d58b8fe16a405b234ad2886a0dab9183fb78109/pycparser-2.22-py3-none-any.whl", hash = "sha256:c3702b6d3dd8c7abc1afa565d7e63d53a1d0bd86cdc24edd75470f4de499cfcc", size = 117552 },
]

[[package]]
name = "tech120-pwmanager"
version = "0.1.0"
source = { virtual = "." }
dependencies = [
    { name = "cryptography" },
]

[package.metadata]
requires-dist = [{ name = "cryptography", specifier = ">=44.0.1" }]
